
Microsoft Visual Studio Solution File, Format Version 12.00
# Visual Studio Version 17
VisualStudioVersion = 17.11.35327.3
MinimumVisualStudioVersion = 10.0.40219.1
Project("{9A19103F-16F7-4668-BE54-9A1E7A4F7556}") = "C#Programs", "C#Programs\C#Programs.csproj", "{ECC7E92B-35B5-4CCD-85DC-DEE005570447}"
EndProject
Project("{9A19103F-16F7-4668-BE54-9A1E7A4F7556}") = "PalindromeNumber", "PalindromeNumber\PalindromeNumber.csproj", "{0D1A9E3A-68E9-4646-B2F9-27015ABDA265}"
EndProject
Project("{9A19103F-16F7-4668-BE54-9A1E7A4F7556}") = "ArmstrongNumber", "ArmstrongNumber\ArmstrongNumber.csproj", "{CD4D5872-E16B-4F86-ABBD-D75897F9E354}"
EndProject
Project("{9A19103F-16F7-4668-BE54-9A1E7A4F7556}") = "PalindromeNumber2", "PalindromeNumber2\PalindromeNumber2.csproj", "{73CE6A7D-92B3-4DDA-8A63-6791FDF005C2}"
EndProject
Project("{9A19103F-16F7-4668-BE54-9A1E7A4F7556}") = "ReverseString", "ReverseString\ReverseString.csproj", "{E46B5544-68BE-43DA-9CBA-E9AF3D526525}"
EndProject
Project("{9A19103F-16F7-4668-BE54-9A1E7A4F7556}") = "FindSecondLargest", "FindSecondLargest\FindSecondLargest.csproj", "{9FE62AF3-E8FA-41A1-8AF9-373B558E5B35}"
EndProject
Project("{9A19103F-16F7-4668-BE54-9A1E7A4F7556}") = "DisplayPrimeNumbers", "DisplayPrimeNumbers\DisplayPrimeNumbers.csproj", "{6A4C8501-3A7C-4FBB-A430-9D49D3D511D3}"
EndProject
Project("{9A19103F-16F7-4668-BE54-9A1E7A4F7556}") = "BubbleSort", "BubbleSort\BubbleSort.csproj", "{28776E62-057B-457D-B196-ABA6229160FA}"
EndProject
Project("{9A19103F-16F7-4668-BE54-9A1E7A4F7556}") = "FactorialLogic", "FactorialLogic\FactorialLogic.csproj", "{B4394E67-1590-42F3-832C-C52D33537A96}"
EndProject
Project("{9A19103F-16F7-4668-BE54-9A1E7A4F7556}") = "FibonacciSeries", "FibonacciSeries\FibonacciSeries.csproj", "{6E3BAFC4-FD14-4667-8780-CA106A0647F5}"
EndProject
Project("{FAE04EC0-301F-11D3-BF4B-00C04F79EFBC}") = "StringLength", "StringLength\StringLength.csproj", "{B5205751-0E0E-4FC9-A86F-D63548B778C2}"
EndProject
Global
	GlobalSection(SolutionConfigurationPlatforms) = preSolution
		Debug|Any CPU = Debug|Any CPU
		Release|Any CPU = Release|Any CPU
	EndGlobalSection
	GlobalSection(ProjectConfigurationPlatforms) = postSolution
		{ECC7E92B-35B5-4CCD-85DC-DEE005570447}.Debug|Any CPU.ActiveCfg = Debug|Any CPU
		{ECC7E92B-35B5-4CCD-85DC-DEE005570447}.Debug|Any CPU.Build.0 = Debug|Any CPU
		{ECC7E92B-35B5-4CCD-85DC-DEE005570447}.Release|Any CPU.ActiveCfg = Release|Any CPU
		{ECC7E92B-35B5-4CCD-85DC-DEE005570447}.Release|Any CPU.Build.0 = Release|Any CPU
		{0D1A9E3A-68E9-4646-B2F9-27015ABDA265}.Debug|Any CPU.ActiveCfg = Debug|Any CPU
		{0D1A9E3A-68E9-4646-B2F9-27015ABDA265}.Debug|Any CPU.Build.0 = Debug|Any CPU
		{0D1A9E3A-68E9-4646-B2F9-27015ABDA265}.Release|Any CPU.ActiveCfg = Release|Any CPU
		{0D1A9E3A-68E9-4646-B2F9-27015ABDA265}.Release|Any CPU.Build.0 = Release|Any CPU
		{CD4D5872-E16B-4F86-ABBD-D75897F9E354}.Debug|Any CPU.ActiveCfg = Debug|Any CPU
		{CD4D5872-E16B-4F86-ABBD-D75897F9E354}.Debug|Any CPU.Build.0 = Debug|Any CPU
		{CD4D5872-E16B-4F86-ABBD-D75897F9E354}.Release|Any CPU.ActiveCfg = Release|Any CPU
		{CD4D5872-E16B-4F86-ABBD-D75897F9E354}.Release|Any CPU.Build.0 = Release|Any CPU
		{73CE6A7D-92B3-4DDA-8A63-6791FDF005C2}.Debug|Any CPU.ActiveCfg = Debug|Any CPU
		{73CE6A7D-92B3-4DDA-8A63-6791FDF005C2}.Debug|Any CPU.Build.0 = Debug|Any CPU
		{73CE6A7D-92B3-4DDA-8A63-6791FDF005C2}.Release|Any CPU.ActiveCfg = Release|Any CPU
		{73CE6A7D-92B3-4DDA-8A63-6791FDF005C2}.Release|Any CPU.Build.0 = Release|Any CPU
		{E46B5544-68BE-43DA-9CBA-E9AF3D526525}.Debug|Any CPU.ActiveCfg = Debug|Any CPU
		{E46B5544-68BE-43DA-9CBA-E9AF3D526525}.Debug|Any CPU.Build.0 = Debug|Any CPU
		{E46B5544-68BE-43DA-9CBA-E9AF3D526525}.Release|Any CPU.ActiveCfg = Release|Any CPU
		{E46B5544-68BE-43DA-9CBA-E9AF3D526525}.Release|Any CPU.Build.0 = Release|Any CPU
		{9FE62AF3-E8FA-41A1-8AF9-373B558E5B35}.Debug|Any CPU.ActiveCfg = Debug|Any CPU
		{9FE62AF3-E8FA-41A1-8AF9-373B558E5B35}.Debug|Any CPU.Build.0 = Debug|Any CPU
		{9FE62AF3-E8FA-41A1-8AF9-373B558E5B35}.Release|Any CPU.ActiveCfg = Release|Any CPU
		{9FE62AF3-E8FA-41A1-8AF9-373B558E5B35}.Release|Any CPU.Build.0 = Release|Any CPU
		{6A4C8501-3A7C-4FBB-A430-9D49D3D511D3}.Debug|Any CPU.ActiveCfg = Debug|Any CPU
		{6A4C8501-3A7C-4FBB-A430-9D49D3D511D3}.Debug|Any CPU.Build.0 = Debug|Any CPU
		{6A4C8501-3A7C-4FBB-A430-9D49D3D511D3}.Release|Any CPU.ActiveCfg = Release|Any CPU
		{6A4C8501-3A7C-4FBB-A430-9D49D3D511D3}.Release|Any CPU.Build.0 = Release|Any CPU
		{28776E62-057B-457D-B196-ABA6229160FA}.Debug|Any CPU.ActiveCfg = Debug|Any CPU
		{28776E62-057B-457D-B196-ABA6229160FA}.Debug|Any CPU.Build.0 = Debug|Any CPU
		{28776E62-057B-457D-B196-ABA6229160FA}.Release|Any CPU.ActiveCfg = Release|Any CPU
		{28776E62-057B-457D-B196-ABA6229160FA}.Release|Any CPU.Build.0 = Release|Any CPU
		{B4394E67-1590-42F3-832C-C52D33537A96}.Debug|Any CPU.ActiveCfg = Debug|Any CPU
		{B4394E67-1590-42F3-832C-C52D33537A96}.Debug|Any CPU.Build.0 = Debug|Any CPU
		{B4394E67-1590-42F3-832C-C52D33537A96}.Release|Any CPU.ActiveCfg = Release|Any CPU
		{B4394E67-1590-42F3-832C-C52D33537A96}.Release|Any CPU.Build.0 = Release|Any CPU
		{6E3BAFC4-FD14-4667-8780-CA106A0647F5}.Debug|Any CPU.ActiveCfg = Debug|Any CPU
		{6E3BAFC4-FD14-4667-8780-CA106A0647F5}.Debug|Any CPU.Build.0 = Debug|Any CPU
		{6E3BAFC4-FD14-4667-8780-CA106A0647F5}.Release|Any CPU.ActiveCfg = Release|Any CPU
		{6E3BAFC4-FD14-4667-8780-CA106A0647F5}.Release|Any CPU.Build.0 = Release|Any CPU
		{B5205751-0E0E-4FC9-A86F-D63548B778C2}.Debug|Any CPU.ActiveCfg = Debug|Any CPU
		{B5205751-0E0E-4FC9-A86F-D63548B778C2}.Debug|Any CPU.Build.0 = Debug|Any CPU
		{B5205751-0E0E-4FC9-A86F-D63548B778C2}.Release|Any CPU.ActiveCfg = Release|Any CPU
		{B5205751-0E0E-4FC9-A86F-D63548B778C2}.Release|Any CPU.Build.0 = Release|Any CPU
	EndGlobalSection
	GlobalSection(SolutionProperties) = preSolution
		HideSolutionNode = FALSE
	EndGlobalSection
	GlobalSection(ExtensibilityGlobals) = postSolution
		SolutionGuid = {3E6DC658-9159-4B16-B1BF-268C0874ADD1}
	EndGlobalSection
EndGlobal
